{
  "name": "insect-gaussian-splat-viewer",
  "version": "1.0.0",
  "lockfileVersion": 3,
  "requires": true,
  "packages": {
    "": {
      "name": "insect-gaussian-splat-viewer",
      "version": "1.0.0",
      "dependencies": {
        "@mkkellogg/gaussian-splats-3d": "^0.4.7",
        "busboy": "^1.6.0",
        "lucide": "^1.47.0",
        "three": "^0.186.0"
      }
    },
    "node_modules/@mkkellogg/gaussian-splats-3d": {
      "version": "0.4.7",
      "resolved": "https://registry.npmjs.org/@mkkellogg/gaussian-splats-3d/-/gaussian-splats-3d-0.4.7.tgz",
      "integrity": "sha512-0vy9/i9sJLFH/v3WJZ4axCsqjkToe8UsV3xY7bvK5EUC0akiRsWZODoCiSzpxhTLNyzSKTsyQKozIFeNA5RWRA==",
      "license": "MIT",
      "peerDependencies": {
        "three": ">=0.160.0"
      }
    },
    "node_modules/busboy": {
      "version": "1.6.0",
      "resolved": "https://registry.npmjs.org/busboy/-/busboy-1.6.0.tgz",
      "integrity": "sha512-8SFQbg/0hQ9xy3UNTB0YEnsNBbWfhf7RtnzpL7TkBiTBRfrQ9Fxcnz7VJsleJpyp6rVLvXiuORqjlHi5q+PYuA==",
      "dependencies": {
        "streamsearch": "^1.1.0"
      },
      "engines": {
        "node": ">=10.16.0"
      }
    },
    "node_modules/lucide": {
      "version": "1.47.0",
      "resolved": "https://registry.npmjs.org/lucide/-/lucide-1.47.0.tgz",
      "integrity": "sha512-gJoVJM5fvpBDGZTvhpJS9IEurz85HbD+wgOlCkXCIw35tHrqTxSdIYUN9sXvs7Aw3NCl67A+nlotNyoU4u7zOQ==",
      "license": "ISC"
    },
    "node_modules/streamsearch": {
      "version": "1.1.0",
      "resolved": "https://registry.npmjs.org/streamsearch/-/streamsearch-1.1.0.tgz",
      "integrity": "sha512-Mcc5wHehp9aXz1ax6bZUyY5afg9u2rv5cqQI3mRrYkGC8rW2hM02jWuwjtL++LS5qinSyhj2QfLyNsuc+VsExg==",
      "engines": {
        "node": ">=10.0.0"
      }
    },
    "node_modules/three": {
      "version": "0.186.0",
      "resolved": "https://registry.npmjs.org/three/-/three-0.186.0.tgz",
      "integrity": "sha512-cr/fIM2ddMSVbYVgkfD4jLJv7Fh/8ZTjvo+7gQeSVGUZHxpx9FDwoL5iC7hUz/LiRA8wMbqfnb90xKfm1/HHkQ==",
      "license": "MIT"
    }
  }
}
